
Microsoft Visual Studio Solution File, Format Version 12.00
# Visual Studio 15
VisualStudioVersion = 15.0.27130.2003
MinimumVisualStudioVersion = 10.0.40219.1
Project("{FAE04EC0-301F-11D3-BF4B-00C04F79EFBC}") = "07. Trees (Exercise)", "07. Trees (Exercise)\07. Trees (Exercise).csproj", "{2E7A4DF2-950F-4080-93A5-98837BACDCF8}"
EndProject
Global
	GlobalSection(SolutionConfigurationPlatforms) = preSolution
		Debug|Any CPU = Debug|Any CPU
		Release|Any CPU = Release|Any CPU
	EndGlobalSection
	GlobalSection(ProjectConfigurationPlatforms) = postSolution
		{2E7A4DF2-950F-4080-93A5-98837BACDCF8}.Debug|Any CPU.ActiveCfg = Debug|Any CPU
		{2E7A4DF2-950F-4080-93A5-98837BACDCF8}.Debug|Any CPU.Build.0 = Debug|Any CPU
		{2E7A4DF2-950F-4080-93A5-98837BACDCF8}.Release|Any CPU.ActiveCfg = Release|Any CPU
		{2E7A4DF2-950F-4080-93A5-98837BACDCF8}.Release|Any CPU.Build.0 = Release|Any CPU
	EndGlobalSection
	GlobalSection(SolutionProperties) = preSolution
		HideSolutionNode = FALSE
	EndGlobalSection
	GlobalSection(ExtensibilityGlobals) = postSolution
		SolutionGuid = {B9534701-590E-4A24-8CB5-6B3E98C7CD55}
	EndGlobalSection
EndGlobal
