
Microsoft Visual Studio Solution File, Format Version 12.00
# Visual Studio 15
VisualStudioVersion = 15.0.27130.2003
MinimumVisualStudioVersion = 10.0.40219.1
Project("{FAE04EC0-301F-11D3-BF4B-00C04F79EFBC}") = "Text Editor", "Text Editor\Text Editor.csproj", "{0886D83F-3F90-4053-A6E4-0372B4CD2041}"
EndProject
Global
	GlobalSection(SolutionConfigurationPlatforms) = preSolution
		Debug|Any CPU = Debug|Any CPU
		Release|Any CPU = Release|Any CPU
	EndGlobalSection
	GlobalSection(ProjectConfigurationPlatforms) = postSolution
		{0886D83F-3F90-4053-A6E4-0372B4CD2041}.Debug|Any CPU.ActiveCfg = Debug|Any CPU
		{0886D83F-3F90-4053-A6E4-0372B4CD2041}.Debug|Any CPU.Build.0 = Debug|Any CPU
		{0886D83F-3F90-4053-A6E4-0372B4CD2041}.Release|Any CPU.ActiveCfg = Release|Any CPU
		{0886D83F-3F90-4053-A6E4-0372B4CD2041}.Release|Any CPU.Build.0 = Release|Any CPU
	EndGlobalSection
	GlobalSection(SolutionProperties) = preSolution
		HideSolutionNode = FALSE
	EndGlobalSection
	GlobalSection(ExtensibilityGlobals) = postSolution
		SolutionGuid = {5A36E79B-39C1-40B9-A3E0-EB928B64978B}
	EndGlobalSection
EndGlobal
